
Microsoft Visual Studio Solution File, Format Version 12.00
# Visual Studio Version 17
VisualStudioVersion = 17.14.36915.13 d17.14
MinimumVisualStudioVersion = 10.0.40219.1
Project("{FAE04EC0-301F-11D3-BF4B-00C04F79EFBC}") = "SimuladorCajero", "SimuladorCajero\SimuladorCajero.csproj", "{5AFC7BB6-C0B0-4CA6-A5B3-7174388A5F80}"
EndProject
Global
	GlobalSection(SolutionConfigurationPlatforms) = preSolution
		Debug|Any CPU = Debug|Any CPU
		Release|Any CPU = Release|Any CPU
	EndGlobalSection
	GlobalSection(ProjectConfigurationPlatforms) = postSolution
		{5AFC7BB6-C0B0-4CA6-A5B3-7174388A5F80}.Debug|Any CPU.ActiveCfg = Debug|Any CPU
		{5AFC7BB6-C0B0-4CA6-A5B3-7174388A5F80}.Debug|Any CPU.Build.0 = Debug|Any CPU
		{5AFC7BB6-C0B0-4CA6-A5B3-7174388A5F80}.Release|Any CPU.ActiveCfg = Release|Any CPU
		{5AFC7BB6-C0B0-4CA6-A5B3-7174388A5F80}.Release|Any CPU.Build.0 = Release|Any CPU
	EndGlobalSection
	GlobalSection(SolutionProperties) = preSolution
		HideSolutionNode = FALSE
	EndGlobalSection
	GlobalSection(ExtensibilityGlobals) = postSolution
		SolutionGuid = {EAF5D7B1-F680-494C-8CC1-EB7A326762B5}
	EndGlobalSection
EndGlobal
